{
  "name": "Messy",
  "lockfileVersion": 3,
  "requires": true,
  "packages": {
    "": {
      "name": "Messy",
      "dependencies": {
        "dompurify": "^3.2.6",
        "react-quill": "^0.0.2"
      }
    },
    "node_modules/@types/trusted-types": {
      "version": "2.0.7",
      "resolved": "https://registry.npmjs.org/@types/trusted-types/-/trusted-types-2.0.7.tgz",
      "integrity": "sha512-ScaPdn1dQczgbl0QFTeTOmVHFULt394XJgOQNoyVhZ6r2vLnMLJfBPd53SB52T/3G36VI1/g2MZaX0cwDuXsfw==",
      "license": "MIT",
      "optional": true
    },
    "node_modules/dompurify": {
      "version": "3.2.6",
      "resolved": "https://registry.npmjs.org/dompurify/-/dompurify-3.2.6.tgz",
      "integrity": "sha512-/2GogDQlohXPZe6D6NOgQvXLPSYBqIWMnZ8zzOhn09REE4eyAzb+Hed3jhoM9OkuaJ8P6ZGTTVWQKAi8ieIzfQ==",
      "license": "(MPL-2.0 OR Apache-2.0)",
      "optionalDependencies": {
        "@types/trusted-types": "^2.0.7"
      }
    },
    "node_modules/eventemitter2": {
      "version": "0.4.14",
      "resolved": "https://registry.npmjs.org/eventemitter2/-/eventemitter2-0.4.14.tgz",
      "integrity": "sha512-K7J4xq5xAD5jHsGM5ReWXRTFa3JRGofHiMcVgQ8PRwgWxzjHpMWCIzsmyf60+mh8KLsqYPcjUMa0AC4hd6lPyQ==",
      "license": "MIT"
    },
    "node_modules/fast-diff": {
      "version": "1.0.1",
      "resolved": "https://registry.npmjs.org/fast-diff/-/fast-diff-1.0.1.tgz",
      "integrity": "sha512-anEzYJ8VOA5iAMjDOVMTVMrUOXveDTMMk5x0E4p0nJ3VPoIOolF51AqYyE+UD0QIyggUwqppqH7XVA9lF3fdaQ==",
      "license": "Apache 2.0"
    },
    "node_modules/lodash": {
      "version": "2.4.2",
      "resolved": "https://registry.npmjs.org/lodash/-/lodash-2.4.2.tgz",
      "integrity": "sha512-Kak1hi6/hYHGVPmdyiZijoQyz5x2iGVzs6w9GYB/HiXEtylY7tIoYEROMjvM1d9nXJqPOrG2MNPMn01bJ+S0Rw==",
      "engines": [
        "node",
        "rhino"
      ],
      "license": "MIT"
    },
    "node_modules/quilljs": {
      "version": "0.18.1",
      "resolved": "https://registry.npmjs.org/quilljs/-/quilljs-0.18.1.tgz",
      "integrity": "sha512-VKaO7GNehgnH4LlFPx5ZAl+KFDoRVtboY0I6UUbYXUsPHP8kR80Tg/CFEYqrqrpCOGQr4OQ5Tjm813gV1DUyQw==",
      "license": "BSD-3-Clause",
      "dependencies": {
        "eventemitter2": "~0.4.13",
        "lodash": "~2.4.1",
        "rich-text": "~1.0.2"
      },
      "engines": {
        "node": ">=0.10"
      }
    },
    "node_modules/react": {
      "version": "19.1.0",
      "resolved": "https://registry.npmjs.org/react/-/react-19.1.0.tgz",
      "integrity": "sha512-FS+XFBNvn3GTAWq26joslQgWNoFu08F4kl0J4CgdNKADkdSGXQyTCnKteIAJy96Br6YbpEU1LSzV5dYtjMkMDg==",
      "license": "MIT",
      "peer": true,
      "engines": {
        "node": ">=0.10.0"
      }
    },
    "node_modules/react-quill": {
      "version": "0.0.2",
      "resolved": "https://registry.npmjs.org/react-quill/-/react-quill-0.0.2.tgz",
      "integrity": "sha512-PeiHXZ63Sumh41OdovBQExXJH7B4UsJpyCW8CtRvXrNBa2RJXdciaJvTeb0x6pYQfqkoCYPT5EbUvEr0Z1tohg==",
      "license": "MIT",
      "dependencies": {
        "quilljs": "^0.18.1"
      },
      "engines": {
        "node": ">= 0.8.x"
      },
      "peerDependencies": {
        "react": ">=0.11.0"
      }
    },
    "node_modules/rich-text": {
      "version": "1.0.3",
      "resolved": "https://registry.npmjs.org/rich-text/-/rich-text-1.0.3.tgz",
      "integrity": "sha512-L+Mi0fBH4/TBGH68XZqUXdUr5Ze+ViYkrKuwEvCpeyB1Blbp4CLO4LyYleutTNybujCMQfcmivaNrE3YLrEUgg==",
      "license": "MIT",
      "dependencies": {
        "fast-diff": "~1.0.0"
      },
      "engines": {
        "node": ">=0.10"
      }
    }
  }
}
